
Microsoft Visual Studio Solution File, Format Version 12.00
# Visual Studio Version 16
VisualStudioVersion = 16.0.30804.86
MinimumVisualStudioVersion = 10.0.40219.1
Project("{00D1A9C2-B5F0-4AF3-8072-F6C62B433612}") = "PandemiC.DB", "PandemiC.DB\PandemiC.DB.sqlproj", "{B7115F98-5747-4727-9135-EE2555855FB2}"
EndProject
Project("{9A19103F-16F7-4668-BE54-9A1E7A4F7556}") = "PandemiC.Repo", "PandemiC.Repo\PandemiC.Repo.csproj", "{1B0E85CD-F9F2-463C-A5CA-C94267534849}"
EndProject
Project("{9A19103F-16F7-4668-BE54-9A1E7A4F7556}") = "PandemiC.Global", "PandemiC.Global\PandemiC.Global.csproj", "{83EE6AB2-C8E9-427B-A421-92DE8C56820D}"
EndProject
Project("{2150E333-8FDC-42A3-9474-1A3956D46DE8}") = "BackEnd", "BackEnd", "{EE7D2B46-A6C4-4E0B-8B15-5CA67E0C1E00}"
EndProject
Project("{2150E333-8FDC-42A3-9474-1A3956D46DE8}") = "01 Database", "01 Database", "{9F1C6665-F490-4B18-9862-620E1A02B5E8}"
EndProject
Project("{9A19103F-16F7-4668-BE54-9A1E7A4F7556}") = "PandemiC.API", "PandemiC.API\PandemiC.API.csproj", "{63105D7F-EDD3-4FC6-B53E-FBFE35DD7F3C}"
EndProject
Project("{2150E333-8FDC-42A3-9474-1A3956D46DE8}") = "UI", "UI", "{D1EE8506-E1AC-47A7-B809-7059E99A8277}"
EndProject
Project("{9A19103F-16F7-4668-BE54-9A1E7A4F7556}") = "PandemiC.Web", "PandemiC.Web\PandemiC.Web.csproj", "{35BF47EB-9074-48B8-B083-729FFEC29F9A}"
EndProject
Project("{2150E333-8FDC-42A3-9474-1A3956D46DE8}") = "Common", "Common", "{4F7DDDED-D9E9-4F10-A311-32A490C1D69B}"
EndProject
Project("{9A19103F-16F7-4668-BE54-9A1E7A4F7556}") = "PandemiC.Web.Client", "PandemiC.Web.Client\PandemiC.Web.Client.csproj", "{98397F54-A474-4D04-88D7-C89FD74DB0D1}"
EndProject
Project("{9A19103F-16F7-4668-BE54-9A1E7A4F7556}") = "PandemiC.Web.Global", "PandemiC.Web.Global\PandemiC.Web.Global.csproj", "{2AC78CA9-8888-48A1-AFBE-D3C8E5CF5F15}"
EndProject
Project("{9A19103F-16F7-4668-BE54-9A1E7A4F7556}") = "PandemiC.Client", "PandemiC.Client\PandemiC.Client.csproj", "{2FD31378-4E90-4E09-8E10-3D4571A8C286}"
EndProject
Project("{9A19103F-16F7-4668-BE54-9A1E7A4F7556}") = "PandemiC.Forms", "PandemiC.Forms\PandemiC.Forms.csproj", "{E74491AB-12C7-48DA-A43C-22ABF81E2E12}"
EndProject
Project("{9A19103F-16F7-4668-BE54-9A1E7A4F7556}") = "PandemiC.Web.Repo", "PandemiC.Web.Repo\PandemiC.Web.Repo.csproj", "{69085D10-B685-43E8-B64D-615C994072D4}"
EndProject
Project("{FAE04EC0-301F-11D3-BF4B-00C04F79EFBC}") = "DCOToolBox.Cryptography", "DCOToolBox.Cryptography\DCOToolBox.Cryptography.csproj", "{63CF19CC-7A68-46AC-A060-0F6BF8CB2A3C}"
EndProject
Global
	GlobalSection(SolutionConfigurationPlatforms) = preSolution
		Debug|Any CPU = Debug|Any CPU
		Release|Any CPU = Release|Any CPU
	EndGlobalSection
	GlobalSection(ProjectConfigurationPlatforms) = postSolution
		{B7115F98-5747-4727-9135-EE2555855FB2}.Debug|Any CPU.ActiveCfg = Debug|Any CPU
		{B7115F98-5747-4727-9135-EE2555855FB2}.Debug|Any CPU.Build.0 = Debug|Any CPU
		{B7115F98-5747-4727-9135-EE2555855FB2}.Debug|Any CPU.Deploy.0 = Debug|Any CPU
		{B7115F98-5747-4727-9135-EE2555855FB2}.Release|Any CPU.ActiveCfg = Release|Any CPU
		{B7115F98-5747-4727-9135-EE2555855FB2}.Release|Any CPU.Build.0 = Release|Any CPU
		{B7115F98-5747-4727-9135-EE2555855FB2}.Release|Any CPU.Deploy.0 = Release|Any CPU
		{1B0E85CD-F9F2-463C-A5CA-C94267534849}.Debug|Any CPU.ActiveCfg = Debug|Any CPU
		{1B0E85CD-F9F2-463C-A5CA-C94267534849}.Debug|Any CPU.Build.0 = Debug|Any CPU
		{1B0E85CD-F9F2-463C-A5CA-C94267534849}.Release|Any CPU.ActiveCfg = Release|Any CPU
		{1B0E85CD-F9F2-463C-A5CA-C94267534849}.Release|Any CPU.Build.0 = Release|Any CPU
		{83EE6AB2-C8E9-427B-A421-92DE8C56820D}.Debug|Any CPU.ActiveCfg = Debug|Any CPU
		{83EE6AB2-C8E9-427B-A421-92DE8C56820D}.Debug|Any CPU.Build.0 = Debug|Any CPU
		{83EE6AB2-C8E9-427B-A421-92DE8C56820D}.Release|Any CPU.ActiveCfg = Release|Any CPU
		{83EE6AB2-C8E9-427B-A421-92DE8C56820D}.Release|Any CPU.Build.0 = Release|Any CPU
		{63105D7F-EDD3-4FC6-B53E-FBFE35DD7F3C}.Debug|Any CPU.ActiveCfg = Debug|Any CPU
		{63105D7F-EDD3-4FC6-B53E-FBFE35DD7F3C}.Debug|Any CPU.Build.0 = Debug|Any CPU
		{63105D7F-EDD3-4FC6-B53E-FBFE35DD7F3C}.Release|Any CPU.ActiveCfg = Release|Any CPU
		{63105D7F-EDD3-4FC6-B53E-FBFE35DD7F3C}.Release|Any CPU.Build.0 = Release|Any CPU
		{35BF47EB-9074-48B8-B083-729FFEC29F9A}.Debug|Any CPU.ActiveCfg = Debug|Any CPU
		{35BF47EB-9074-48B8-B083-729FFEC29F9A}.Debug|Any CPU.Build.0 = Debug|Any CPU
		{35BF47EB-9074-48B8-B083-729FFEC29F9A}.Release|Any CPU.ActiveCfg = Release|Any CPU
		{35BF47EB-9074-48B8-B083-729FFEC29F9A}.Release|Any CPU.Build.0 = Release|Any CPU
		{98397F54-A474-4D04-88D7-C89FD74DB0D1}.Debug|Any CPU.ActiveCfg = Debug|Any CPU
		{98397F54-A474-4D04-88D7-C89FD74DB0D1}.Debug|Any CPU.Build.0 = Debug|Any CPU
		{98397F54-A474-4D04-88D7-C89FD74DB0D1}.Release|Any CPU.ActiveCfg = Release|Any CPU
		{98397F54-A474-4D04-88D7-C89FD74DB0D1}.Release|Any CPU.Build.0 = Release|Any CPU
		{2AC78CA9-8888-48A1-AFBE-D3C8E5CF5F15}.Debug|Any CPU.ActiveCfg = Debug|Any CPU
		{2AC78CA9-8888-48A1-AFBE-D3C8E5CF5F15}.Debug|Any CPU.Build.0 = Debug|Any CPU
		{2AC78CA9-8888-48A1-AFBE-D3C8E5CF5F15}.Release|Any CPU.ActiveCfg = Release|Any CPU
		{2AC78CA9-8888-48A1-AFBE-D3C8E5CF5F15}.Release|Any CPU.Build.0 = Release|Any CPU
		{2FD31378-4E90-4E09-8E10-3D4571A8C286}.Debug|Any CPU.ActiveCfg = Debug|Any CPU
		{2FD31378-4E90-4E09-8E10-3D4571A8C286}.Debug|Any CPU.Build.0 = Debug|Any CPU
		{2FD31378-4E90-4E09-8E10-3D4571A8C286}.Release|Any CPU.ActiveCfg = Release|Any CPU
		{2FD31378-4E90-4E09-8E10-3D4571A8C286}.Release|Any CPU.Build.0 = Release|Any CPU
		{E74491AB-12C7-48DA-A43C-22ABF81E2E12}.Debug|Any CPU.ActiveCfg = Debug|Any CPU
		{E74491AB-12C7-48DA-A43C-22ABF81E2E12}.Debug|Any CPU.Build.0 = Debug|Any CPU
		{E74491AB-12C7-48DA-A43C-22ABF81E2E12}.Release|Any CPU.ActiveCfg = Release|Any CPU
		{E74491AB-12C7-48DA-A43C-22ABF81E2E12}.Release|Any CPU.Build.0 = Release|Any CPU
		{69085D10-B685-43E8-B64D-615C994072D4}.Debug|Any CPU.ActiveCfg = Debug|Any CPU
		{69085D10-B685-43E8-B64D-615C994072D4}.Debug|Any CPU.Build.0 = Debug|Any CPU
		{69085D10-B685-43E8-B64D-615C994072D4}.Release|Any CPU.ActiveCfg = Release|Any CPU
		{69085D10-B685-43E8-B64D-615C994072D4}.Release|Any CPU.Build.0 = Release|Any CPU
		{63CF19CC-7A68-46AC-A060-0F6BF8CB2A3C}.Debug|Any CPU.ActiveCfg = Debug|Any CPU
		{63CF19CC-7A68-46AC-A060-0F6BF8CB2A3C}.Debug|Any CPU.Build.0 = Debug|Any CPU
		{63CF19CC-7A68-46AC-A060-0F6BF8CB2A3C}.Release|Any CPU.ActiveCfg = Release|Any CPU
		{63CF19CC-7A68-46AC-A060-0F6BF8CB2A3C}.Release|Any CPU.Build.0 = Release|Any CPU
	EndGlobalSection
	GlobalSection(SolutionProperties) = preSolution
		HideSolutionNode = FALSE
	EndGlobalSection
	GlobalSection(NestedProjects) = preSolution
		{B7115F98-5747-4727-9135-EE2555855FB2} = {9F1C6665-F490-4B18-9862-620E1A02B5E8}
		{1B0E85CD-F9F2-463C-A5CA-C94267534849} = {EE7D2B46-A6C4-4E0B-8B15-5CA67E0C1E00}
		{83EE6AB2-C8E9-427B-A421-92DE8C56820D} = {EE7D2B46-A6C4-4E0B-8B15-5CA67E0C1E00}
		{9F1C6665-F490-4B18-9862-620E1A02B5E8} = {4F7DDDED-D9E9-4F10-A311-32A490C1D69B}
		{63105D7F-EDD3-4FC6-B53E-FBFE35DD7F3C} = {EE7D2B46-A6C4-4E0B-8B15-5CA67E0C1E00}
		{35BF47EB-9074-48B8-B083-729FFEC29F9A} = {D1EE8506-E1AC-47A7-B809-7059E99A8277}
		{98397F54-A474-4D04-88D7-C89FD74DB0D1} = {D1EE8506-E1AC-47A7-B809-7059E99A8277}
		{2AC78CA9-8888-48A1-AFBE-D3C8E5CF5F15} = {D1EE8506-E1AC-47A7-B809-7059E99A8277}
		{2FD31378-4E90-4E09-8E10-3D4571A8C286} = {EE7D2B46-A6C4-4E0B-8B15-5CA67E0C1E00}
		{E74491AB-12C7-48DA-A43C-22ABF81E2E12} = {EE7D2B46-A6C4-4E0B-8B15-5CA67E0C1E00}
		{69085D10-B685-43E8-B64D-615C994072D4} = {D1EE8506-E1AC-47A7-B809-7059E99A8277}
		{63CF19CC-7A68-46AC-A060-0F6BF8CB2A3C} = {4F7DDDED-D9E9-4F10-A311-32A490C1D69B}
	EndGlobalSection
	GlobalSection(ExtensibilityGlobals) = postSolution
		SolutionGuid = {9E438697-0DD4-458E-A089-1F8A78EFECA8}
	EndGlobalSection
EndGlobal
